
Microsoft Visual Studio Solution File, Format Version 12.00
# Visual Studio 14
VisualStudioVersion = 14.0.24720.0
MinimumVisualStudioVersion = 10.0.40219.1
Project("{FAE04EC0-301F-11D3-BF4B-00C04F79EFBC}") = "FormEngine", "FormEngine\FormEngine.csproj", "{C335E0C5-36AA-4AB0-BBE3-02B470087F18}"
EndProject
Project("{FAE04EC0-301F-11D3-BF4B-00C04F79EFBC}") = "FormEngine.Interfaces", "FormEngine.Interfaces\FormEngine.Interfaces.csproj", "{EA811C0F-D9C3-4F75-A622-1906305B0B44}"
EndProject
Project("{FAE04EC0-301F-11D3-BF4B-00C04F79EFBC}") = "FormEngine.FileSystem", "FileSystem\FormEngine.FileSystem.csproj", "{8F3D143D-E872-41E5-B0F9-4501706ACC5C}"
EndProject
Project("{FAE04EC0-301F-11D3-BF4B-00C04F79EFBC}") = "FormEngine.PdfFormBuilder", "PdfFormBuilder\FormEngine.PdfFormBuilder.csproj", "{B00377F7-BF10-44B0-B7CC-CF6550034675}"
EndProject
Project("{FAE04EC0-301F-11D3-BF4B-00C04F79EFBC}") = "RunFormEngine", "RunFormEngine\RunFormEngine.csproj", "{8CFFDBBF-2C19-41E5-ACA9-AFB76F8A538E}"
EndProject
Project("{FAE04EC0-301F-11D3-BF4B-00C04F79EFBC}") = "FormEngine.Tests", "FormEngine.Tests\FormEngine.Tests.csproj", "{AD9FC009-D08B-490F-9DD6-82EE1296EB60}"
EndProject
Project("{FAE04EC0-301F-11D3-BF4B-00C04F79EFBC}") = "MySqlAdaptor", "MySqlAdaptor\MySqlAdaptor.csproj", "{7732880F-E16F-4038-9837-6E52FB6C0629}"
EndProject
Project("{FAE04EC0-301F-11D3-BF4B-00C04F79EFBC}") = "FormEngine.CsvValues", "FormEngine.CsvValues\FormEngine.CsvValues.csproj", "{94361C61-2A82-4C7A-8ACB-231910BEA26D}"
EndProject
Project("{FAE04EC0-301F-11D3-BF4B-00C04F79EFBC}") = "InterfaceImplementationsForTest", "InterfaceImplementationsForTest\InterfaceImplementationsForTest.csproj", "{39A89993-456A-4D77-9884-A8117FD8765F}"
EndProject
Global
	GlobalSection(SolutionConfigurationPlatforms) = preSolution
		Debug|Any CPU = Debug|Any CPU
		Release|Any CPU = Release|Any CPU
	EndGlobalSection
	GlobalSection(ProjectConfigurationPlatforms) = postSolution
		{C335E0C5-36AA-4AB0-BBE3-02B470087F18}.Debug|Any CPU.ActiveCfg = Debug|Any CPU
		{C335E0C5-36AA-4AB0-BBE3-02B470087F18}.Debug|Any CPU.Build.0 = Debug|Any CPU
		{C335E0C5-36AA-4AB0-BBE3-02B470087F18}.Release|Any CPU.ActiveCfg = Release|Any CPU
		{C335E0C5-36AA-4AB0-BBE3-02B470087F18}.Release|Any CPU.Build.0 = Release|Any CPU
		{EA811C0F-D9C3-4F75-A622-1906305B0B44}.Debug|Any CPU.ActiveCfg = Debug|Any CPU
		{EA811C0F-D9C3-4F75-A622-1906305B0B44}.Debug|Any CPU.Build.0 = Debug|Any CPU
		{EA811C0F-D9C3-4F75-A622-1906305B0B44}.Release|Any CPU.ActiveCfg = Release|Any CPU
		{EA811C0F-D9C3-4F75-A622-1906305B0B44}.Release|Any CPU.Build.0 = Release|Any CPU
		{8F3D143D-E872-41E5-B0F9-4501706ACC5C}.Debug|Any CPU.ActiveCfg = Debug|Any CPU
		{8F3D143D-E872-41E5-B0F9-4501706ACC5C}.Debug|Any CPU.Build.0 = Debug|Any CPU
		{8F3D143D-E872-41E5-B0F9-4501706ACC5C}.Release|Any CPU.ActiveCfg = Release|Any CPU
		{8F3D143D-E872-41E5-B0F9-4501706ACC5C}.Release|Any CPU.Build.0 = Release|Any CPU
		{B00377F7-BF10-44B0-B7CC-CF6550034675}.Debug|Any CPU.ActiveCfg = Debug|Any CPU
		{B00377F7-BF10-44B0-B7CC-CF6550034675}.Debug|Any CPU.Build.0 = Debug|Any CPU
		{B00377F7-BF10-44B0-B7CC-CF6550034675}.Release|Any CPU.ActiveCfg = Release|Any CPU
		{B00377F7-BF10-44B0-B7CC-CF6550034675}.Release|Any CPU.Build.0 = Release|Any CPU
		{8CFFDBBF-2C19-41E5-ACA9-AFB76F8A538E}.Debug|Any CPU.ActiveCfg = Debug|Any CPU
		{8CFFDBBF-2C19-41E5-ACA9-AFB76F8A538E}.Debug|Any CPU.Build.0 = Debug|Any CPU
		{8CFFDBBF-2C19-41E5-ACA9-AFB76F8A538E}.Release|Any CPU.ActiveCfg = Release|Any CPU
		{8CFFDBBF-2C19-41E5-ACA9-AFB76F8A538E}.Release|Any CPU.Build.0 = Release|Any CPU
		{AD9FC009-D08B-490F-9DD6-82EE1296EB60}.Debug|Any CPU.ActiveCfg = Debug|Any CPU
		{AD9FC009-D08B-490F-9DD6-82EE1296EB60}.Debug|Any CPU.Build.0 = Debug|Any CPU
		{AD9FC009-D08B-490F-9DD6-82EE1296EB60}.Release|Any CPU.ActiveCfg = Release|Any CPU
		{AD9FC009-D08B-490F-9DD6-82EE1296EB60}.Release|Any CPU.Build.0 = Release|Any CPU
		{7732880F-E16F-4038-9837-6E52FB6C0629}.Debug|Any CPU.ActiveCfg = Debug|Any CPU
		{7732880F-E16F-4038-9837-6E52FB6C0629}.Debug|Any CPU.Build.0 = Debug|Any CPU
		{7732880F-E16F-4038-9837-6E52FB6C0629}.Release|Any CPU.ActiveCfg = Release|Any CPU
		{7732880F-E16F-4038-9837-6E52FB6C0629}.Release|Any CPU.Build.0 = Release|Any CPU
		{94361C61-2A82-4C7A-8ACB-231910BEA26D}.Debug|Any CPU.ActiveCfg = Debug|Any CPU
		{94361C61-2A82-4C7A-8ACB-231910BEA26D}.Debug|Any CPU.Build.0 = Debug|Any CPU
		{94361C61-2A82-4C7A-8ACB-231910BEA26D}.Release|Any CPU.ActiveCfg = Release|Any CPU
		{94361C61-2A82-4C7A-8ACB-231910BEA26D}.Release|Any CPU.Build.0 = Release|Any CPU
		{39A89993-456A-4D77-9884-A8117FD8765F}.Debug|Any CPU.ActiveCfg = Debug|Any CPU
		{39A89993-456A-4D77-9884-A8117FD8765F}.Debug|Any CPU.Build.0 = Debug|Any CPU
		{39A89993-456A-4D77-9884-A8117FD8765F}.Release|Any CPU.ActiveCfg = Release|Any CPU
		{39A89993-456A-4D77-9884-A8117FD8765F}.Release|Any CPU.Build.0 = Release|Any CPU
	EndGlobalSection
	GlobalSection(SolutionProperties) = preSolution
		HideSolutionNode = FALSE
	EndGlobalSection
EndGlobal
